
Microsoft Visual Studio Solution File, Format Version 12.00
# Visual Studio Version 17
VisualStudioVersion = 17.4.33122.133
MinimumVisualStudioVersion = 10.0.40219.1
Project("{FAE04EC0-301F-11D3-BF4B-00C04F79EFBC}") = "RucksackAnalyser", "RucksackAnalyser\RucksackAnalyser.csproj", "{92A64125-2417-475B-9959-CDD7ABA39B38}"
EndProject
Global
	GlobalSection(SolutionConfigurationPlatforms) = preSolution
		Debug|Any CPU = Debug|Any CPU
		Release|Any CPU = Release|Any CPU
	EndGlobalSection
	GlobalSection(ProjectConfigurationPlatforms) = postSolution
		{92A64125-2417-475B-9959-CDD7ABA39B38}.Debug|Any CPU.ActiveCfg = Debug|Any CPU
		{92A64125-2417-475B-9959-CDD7ABA39B38}.Debug|Any CPU.Build.0 = Debug|Any CPU
		{92A64125-2417-475B-9959-CDD7ABA39B38}.Release|Any CPU.ActiveCfg = Release|Any CPU
		{92A64125-2417-475B-9959-CDD7ABA39B38}.Release|Any CPU.Build.0 = Release|Any CPU
	EndGlobalSection
	GlobalSection(SolutionProperties) = preSolution
		HideSolutionNode = FALSE
	EndGlobalSection
	GlobalSection(ExtensibilityGlobals) = postSolution
		SolutionGuid = {F7BAFA15-C71D-4510-9FBF-E64BCF454565}
	EndGlobalSection
EndGlobal
